
Microsoft Visual Studio Solution File, Format Version 12.00
Project("{FAE04EC0-301F-11D3-BF4B-00C04F79EFBC}") = "RizzlerEnablerAPI", "RizzlerEnablerAPI\RizzlerEnablerAPI.csproj", "{896085E4-6F92-4DEC-B244-4204000AB4E9}"
EndProject
Global
	GlobalSection(SolutionConfigurationPlatforms) = preSolution
		Debug|Any CPU = Debug|Any CPU
		Release|Any CPU = Release|Any CPU
	EndGlobalSection
	GlobalSection(ProjectConfigurationPlatforms) = postSolution
		{896085E4-6F92-4DEC-B244-4204000AB4E9}.Debug|Any CPU.ActiveCfg = Debug|Any CPU
		{896085E4-6F92-4DEC-B244-4204000AB4E9}.Debug|Any CPU.Build.0 = Debug|Any CPU
		{896085E4-6F92-4DEC-B244-4204000AB4E9}.Release|Any CPU.ActiveCfg = Release|Any CPU
		{896085E4-6F92-4DEC-B244-4204000AB4E9}.Release|Any CPU.Build.0 = Release|Any CPU
	EndGlobalSection
EndGlobal
